
Microsoft Visual Studio Solution File, Format Version 12.00
# Visual Studio 15
VisualStudioVersion = 15.0.27428.2015
MinimumVisualStudioVersion = 10.0.40219.1
Project("{FAE04EC0-301F-11D3-BF4B-00C04F79EFBC}") = "MoviesDatabase", "MoviesDatabase\MoviesDatabase.csproj", "{B5FB177A-9730-4942-A8A1-CD46CF742B84}"
EndProject
Global
	GlobalSection(SolutionConfigurationPlatforms) = preSolution
		Debug|Any CPU = Debug|Any CPU
		Release|Any CPU = Release|Any CPU
	EndGlobalSection
	GlobalSection(ProjectConfigurationPlatforms) = postSolution
		{B5FB177A-9730-4942-A8A1-CD46CF742B84}.Debug|Any CPU.ActiveCfg = Debug|Any CPU
		{B5FB177A-9730-4942-A8A1-CD46CF742B84}.Debug|Any CPU.Build.0 = Debug|Any CPU
		{B5FB177A-9730-4942-A8A1-CD46CF742B84}.Release|Any CPU.ActiveCfg = Release|Any CPU
		{B5FB177A-9730-4942-A8A1-CD46CF742B84}.Release|Any CPU.Build.0 = Release|Any CPU
	EndGlobalSection
	GlobalSection(SolutionProperties) = preSolution
		HideSolutionNode = FALSE
	EndGlobalSection
	GlobalSection(ExtensibilityGlobals) = postSolution
		SolutionGuid = {171DE24A-1619-4B23-825F-EC859E686116}
	EndGlobalSection
EndGlobal
